// !$*UTF8*$!
{
	archiveVersion = 1;
	classes = {
	};
	objectVersion = 50;
	objects = {

/* Begin PBXBuildFile section */
		4F5630E02440994F0023BEEC /* AppDelegate.swift in Sources */ = {isa = PBXBuildFile; fileRef = 4F5630DF2440994F0023BEEC /* AppDelegate.swift */; };
		4F5630E22440994F0023BEEC /* SceneDelegate.swift in Sources */ = {isa = PBXBuildFile; fileRef = 4F5630E12440994F0023BEEC /* SceneDelegate.swift */; };
		4F5630E42440994F0023BEEC /* OWCityListViewController.swift in Sources */ = {isa = PBXBuildFile; fileRef = 4F5630E32440994F0023BEEC /* OWCityListViewController.swift */; };
		4F5630E72440994F0023BEEC /* Main.storyboard in Resources */ = {isa = PBXBuildFile; fileRef = 4F5630E52440994F0023BEEC /* Main.storyboard */; };
		4F5630E9244099580023BEEC /* Assets.xcassets in Resources */ = {isa = PBXBuildFile; fileRef = 4F5630E8244099580023BEEC /* Assets.xcassets */; };
		4F5630EC244099580023BEEC /* LaunchScreen.storyboard in Resources */ = {isa = PBXBuildFile; fileRef = 4F5630EA244099580023BEEC /* LaunchScreen.storyboard */; };
		4F5630F7244099590023BEEC /* OpenWeatherTests.swift in Sources */ = {isa = PBXBuildFile; fileRef = 4F5630F6244099590023BEEC /* OpenWeatherTests.swift */; };
		4F56310624409A6D0023BEEC /* OWCityModel.swift in Sources */ = {isa = PBXBuildFile; fileRef = 4F56310524409A6D0023BEEC /* OWCityModel.swift */; };
		4F56310824409AA30023BEEC /* OWCurrentWeatherModel.swift in Sources */ = {isa = PBXBuildFile; fileRef = 4F56310724409AA30023BEEC /* OWCurrentWeatherModel.swift */; };
		4F56310A2440A2A40023BEEC /* OWWeatherDescriptionModel.swift in Sources */ = {isa = PBXBuildFile; fileRef = 4F5631092440A2A40023BEEC /* OWWeatherDescriptionModel.swift */; };
		4F56310D2440A83C0023BEEC /* OWConstants.swift in Sources */ = {isa = PBXBuildFile; fileRef = 4F56310C2440A83C0023BEEC /* OWConstants.swift */; };
		4F56310F2440AC900023BEEC /* OWWeatherModel.swift in Sources */ = {isa = PBXBuildFile; fileRef = 4F56310E2440AC900023BEEC /* OWWeatherModel.swift */; };
		4F5631112440ACB40023BEEC /* OWDailyWeatherModel.swift in Sources */ = {isa = PBXBuildFile; fileRef = 4F5631102440ACB40023BEEC /* OWDailyWeatherModel.swift */; };
		4F5631132440AE860023BEEC /* OWTempModel.swift in Sources */ = {isa = PBXBuildFile; fileRef = 4F5631122440AE860023BEEC /* OWTempModel.swift */; };
		4F5631152440EE900023BEEC /* OWCityWeatherViewController.swift in Sources */ = {isa = PBXBuildFile; fileRef = 4F5631142440EE900023BEEC /* OWCityWeatherViewController.swift */; };
/* End PBXBuildFile section */

/* Begin PBXContainerItemProxy section */
		4F5630F3244099590023BEEC /* PBXContainerItemProxy */ = {
			isa = PBXContainerItemProxy;
			containerPortal = 4F5630D42440994E0023BEEC /* Project object */;
			proxyType = 1;
			remoteGlobalIDString = 4F5630DB2440994E0023BEEC;
			remoteInfo = OpenWeather;
		};
/* End PBXContainerItemProxy section */

/* Begin PBXFileReference section */
		4F5630DC2440994F0023BEEC /* OpenWeather.app */ = {isa = PBXFileReference; explicitFileType = wrapper.application; includeInIndex = 0; path = OpenWeather.app; sourceTree = BUILT_PRODUCTS_DIR; };
		4F5630DF2440994F0023BEEC /* AppDelegate.swift */ = {isa = PBXFileReference; lastKnownFileType = sourcecode.swift; path = AppDelegate.swift; sourceTree = "<group>"; };
		4F5630E12440994F0023BEEC /* SceneDelegate.swift */ = {isa = PBXFileReference; lastKnownFileType = sourcecode.swift; path = SceneDelegate.swift; sourceTree = "<group>"; };
		4F5630E32440994F0023BEEC /* OWCityListViewController.swift */ = {isa = PBXFileReference; lastKnownFileType = sourcecode.swift; path = OWCityListViewController.swift; sourceTree = "<group>"; };
		4F5630E62440994F0023BEEC /* Base */ = {isa = PBXFileReference; lastKnownFileType = file.storyboard; name = Base; path = Base.lproj/Main.storyboard; sourceTree = "<group>"; };
		4F5630E8244099580023BEEC /* Assets.xcassets */ = {isa = PBXFileReference; lastKnownFileType = folder.assetcatalog; path = Assets.xcassets; sourceTree = "<group>"; };
		4F5630EB244099580023BEEC /* Base */ = {isa = PBXFileReference; lastKnownFileType = file.storyboard; name = Base; path = Base.lproj/LaunchScreen.storyboard; sourceTree = "<group>"; };
		4F5630ED244099580023BEEC /* Info.plist */ = {isa = PBXFileReference; lastKnownFileType = text.plist.xml; path = Info.plist; sourceTree = "<group>"; };
		4F5630F2244099590023BEEC /* OpenWeatherTests.xctest */ = {isa = PBXFileReference; explicitFileType = wrapper.cfbundle; includeInIndex = 0; path = OpenWeatherTests.xctest; sourceTree = BUILT_PRODUCTS_DIR; };
		4F5630F6244099590023BEEC /* OpenWeatherTests.swift */ = {isa = PBXFileReference; lastKnownFileType = sourcecode.swift; path = OpenWeatherTests.swift; sourceTree = "<group>"; };
		4F5630F8244099590023BEEC /* Info.plist */ = {isa = PBXFileReference; lastKnownFileType = text.plist.xml; path = Info.plist; sourceTree = "<group>"; };
		4F56310524409A6D0023BEEC /* OWCityModel.swift */ = {isa = PBXFileReference; lastKnownFileType = sourcecode.swift; path = OWCityModel.swift; sourceTree = "<group>"; };
		4F56310724409AA30023BEEC /* OWCurrentWeatherModel.swift */ = {isa = PBXFileReference; lastKnownFileType = sourcecode.swift; path = OWCurrentWeatherModel.swift; sourceTree = "<group>"; };
		4F5631092440A2A40023BEEC /* OWWeatherDescriptionModel.swift */ = {isa = PBXFileReference; lastKnownFileType = sourcecode.swift; path = OWWeatherDescriptionModel.swift; sourceTree = "<group>"; };
		4F56310C2440A83C0023BEEC /* OWConstants.swift */ = {isa = PBXFileReference; lastKnownFileType = sourcecode.swift; path = OWConstants.swift; sourceTree = "<group>"; };
		4F56310E2440AC900023BEEC /* OWWeatherModel.swift */ = {isa = PBXFileReference; lastKnownFileType = sourcecode.swift; path = OWWeatherModel.swift; sourceTree = "<group>"; };
		4F5631102440ACB40023BEEC /* OWDailyWeatherModel.swift */ = {isa = PBXFileReference; lastKnownFileType = sourcecode.swift; path = OWDailyWeatherModel.swift; sourceTree = "<group>"; };
		4F5631122440AE860023BEEC /* OWTempModel.swift */ = {isa = PBXFileReference; lastKnownFileType = sourcecode.swift; path = OWTempModel.swift; sourceTree = "<group>"; };
		4F5631142440EE900023BEEC /* OWCityWeatherViewController.swift */ = {isa = PBXFileReference; lastKnownFileType = sourcecode.swift; path = OWCityWeatherViewController.swift; sourceTree = "<group>"; };
/* End PBXFileReference section */

/* Begin PBXFrameworksBuildPhase section */
		4F5630D92440994E0023BEEC /* Frameworks */ = {
			isa = PBXFrameworksBuildPhase;
			buildActionMask = 2147483647;
			files = (
			);
			runOnlyForDeploymentPostprocessing = 0;
		};
		4F5630EF244099580023BEEC /* Frameworks */ = {
			isa = PBXFrameworksBuildPhase;
			buildActionMask = 2147483647;
			files = (
			);
			runOnlyForDeploymentPostprocessing = 0;
		};
/* End PBXFrameworksBuildPhase section */

/* Begin PBXGroup section */
		4F5630D32440994E0023BEEC = {
			isa = PBXGroup;
			children = (
				4F5630DE2440994F0023BEEC /* OpenWeather */,
				4F5630F5244099590023BEEC /* OpenWeatherTests */,
				4F5630DD2440994F0023BEEC /* Products */,
			);
			sourceTree = "<group>";
		};
		4F5630DD2440994F0023BEEC /* Products */ = {
			isa = PBXGroup;
			children = (
				4F5630DC2440994F0023BEEC /* OpenWeather.app */,
				4F5630F2244099590023BEEC /* OpenWeatherTests.xctest */,
			);
			name = Products;
			sourceTree = "<group>";
		};
		4F5630DE2440994F0023BEEC /* OpenWeather */ = {
			isa = PBXGroup;
			children = (
				4F5631012440997A0023BEEC /* Model */,
				4F5631022440999B0023BEEC /* ViewControllers */,
				4F563103244099C60023BEEC /* Managers */,
				4F563104244099CF0023BEEC /* Services */,
				4F56310B2440A8100023BEEC /* Utils */,
				4F5630DF2440994F0023BEEC /* AppDelegate.swift */,
				4F5630E12440994F0023BEEC /* SceneDelegate.swift */,
				4F5630E52440994F0023BEEC /* Main.storyboard */,
				4F5630E8244099580023BEEC /* Assets.xcassets */,
				4F5630EA244099580023BEEC /* LaunchScreen.storyboard */,
				4F5630ED244099580023BEEC /* Info.plist */,
			);
			path = OpenWeather;
			sourceTree = "<group>";
		};
		4F5630F5244099590023BEEC /* OpenWeatherTests */ = {
			isa = PBXGroup;
			children = (
				4F5630F6244099590023BEEC /* OpenWeatherTests.swift */,
				4F5630F8244099590023BEEC /* Info.plist */,
			);
			path = OpenWeatherTests;
			sourceTree = "<group>";
		};
		4F5631012440997A0023BEEC /* Model */ = {
			isa = PBXGroup;
			children = (
				4F56310524409A6D0023BEEC /* OWCityModel.swift */,
				4F56310E2440AC900023BEEC /* OWWeatherModel.swift */,
				4F56310724409AA30023BEEC /* OWCurrentWeatherModel.swift */,
				4F5631102440ACB40023BEEC /* OWDailyWeatherModel.swift */,
				4F5631092440A2A40023BEEC /* OWWeatherDescriptionModel.swift */,
				4F5631122440AE860023BEEC /* OWTempModel.swift */,
			);
			path = Model;
			sourceTree = "<group>";
		};
		4F5631022440999B0023BEEC /* ViewControllers */ = {
			isa = PBXGroup;
			children = (
				4F5630E32440994F0023BEEC /* OWCityListViewController.swift */,
				4F5631142440EE900023BEEC /* OWCityWeatherViewController.swift */,
			);
			path = ViewControllers;
			sourceTree = "<group>";
		};
		4F563103244099C60023BEEC /* Managers */ = {
			isa = PBXGroup;
			children = (
			);
			path = Managers;
			sourceTree = "<group>";
		};
		4F563104244099CF0023BEEC /* Services */ = {
			isa = PBXGroup;
			children = (
			);
			path = Services;
			sourceTree = "<group>";
		};
		4F56310B2440A8100023BEEC /* Utils */ = {
			isa = PBXGroup;
			children = (
				4F56310C2440A83C0023BEEC /* OWConstants.swift */,
			);
			path = Utils;
			sourceTree = "<group>";
		};
/* End PBXGroup section */

/* Begin PBXNativeTarget section */
		4F5630DB2440994E0023BEEC /* OpenWeather */ = {
			isa = PBXNativeTarget;
			buildConfigurationList = 4F5630FB244099590023BEEC /* Build configuration list for PBXNativeTarget "OpenWeather" */;
			buildPhases = (
				4F5630D82440994E0023BEEC /* Sources */,
				4F5630D92440994E0023BEEC /* Frameworks */,
				4F5630DA2440994E0023BEEC /* Resources */,
			);
			buildRules = (
			);
			dependencies = (
			);
			name = OpenWeather;
			productName = OpenWeather;
			productReference = 4F5630DC2440994F0023BEEC /* OpenWeather.app */;
			productType = "com.apple.product-type.application";
		};
		4F5630F1244099580023BEEC /* OpenWeatherTests */ = {
			isa = PBXNativeTarget;
			buildConfigurationList = 4F5630FE244099590023BEEC /* Build configuration list for PBXNativeTarget "OpenWeatherTests" */;
			buildPhases = (
				4F5630EE244099580023BEEC /* Sources */,
				4F5630EF244099580023BEEC /* Frameworks */,
				4F5630F0244099580023BEEC /* Resources */,
			);
			buildRules = (
			);
			dependencies = (
				4F5630F4244099590023BEEC /* PBXTargetDependency */,
			);
			name = OpenWeatherTests;
			productName = OpenWeatherTests;
			productReference = 4F5630F2244099590023BEEC /* OpenWeatherTests.xctest */;
			productType = "com.apple.product-type.bundle.unit-test";
		};
/* End PBXNativeTarget section */

/* Begin PBXProject section */
		4F5630D42440994E0023BEEC /* Project object */ = {
			isa = PBXProject;
			attributes = {
				LastSwiftUpdateCheck = 1130;
				LastUpgradeCheck = 1130;
				ORGANIZATIONNAME = Ignacio;
				TargetAttributes = {
					4F5630DB2440994E0023BEEC = {
						CreatedOnToolsVersion = 11.3.1;
					};
					4F5630F1244099580023BEEC = {
						CreatedOnToolsVersion = 11.3.1;
						TestTargetID = 4F5630DB2440994E0023BEEC;
					};
				};
			};
			buildConfigurationList = 4F5630D72440994E0023BEEC /* Build configuration list for PBXProject "OpenWeather" */;
			compatibilityVersion = "Xcode 9.3";
			developmentRegion = en;
			hasScannedForEncodings = 0;
			knownRegions = (
				en,
				Base,
			);
			mainGroup = 4F5630D32440994E0023BEEC;
			productRefGroup = 4F5630DD2440994F0023BEEC /* Products */;
			projectDirPath = "";
			projectRoot = "";
			targets = (
				4F5630DB2440994E0023BEEC /* OpenWeather */,
				4F5630F1244099580023BEEC /* OpenWeatherTests */,
			);
		};
/* End PBXProject section */

/* Begin PBXResourcesBuildPhase section */
		4F5630DA2440994E0023BEEC /* Resources */ = {
			isa = PBXResourcesBuildPhase;
			buildActionMask = 2147483647;
			files = (
				4F5630EC244099580023BEEC /* LaunchScreen.storyboard in Resources */,
				4F5630E9244099580023BEEC /* Assets.xcassets in Resources */,
				4F5630E72440994F0023BEEC /* Main.storyboard in Resources */,
			);
			runOnlyForDeploymentPostprocessing = 0;
		};
		4F5630F0244099580023BEEC /* Resources */ = {
			isa = PBXResourcesBuildPhase;
			buildActionMask = 2147483647;
			files = (
			);
			runOnlyForDeploymentPostprocessing = 0;
		};
/* End PBXResourcesBuildPhase section */

/* Begin PBXSourcesBuildPhase section */
		4F5630D82440994E0023BEEC /* Sources */ = {
			isa = PBXSourcesBuildPhase;
			buildActionMask = 2147483647;
			files = (
				4F56310624409A6D0023BEEC /* OWCityModel.swift in Sources */,
				4F5631112440ACB40023BEEC /* OWDailyWeatherModel.swift in Sources */,
				4F56310A2440A2A40023BEEC /* OWWeatherDescriptionModel.swift in Sources */,
				4F5631132440AE860023BEEC /* OWTempModel.swift in Sources */,
				4F56310D2440A83C0023BEEC /* OWConstants.swift in Sources */,
				4F5630E42440994F0023BEEC /* OWCityListViewController.swift in Sources */,
				4F5631152440EE900023BEEC /* OWCityWeatherViewController.swift in Sources */,
				4F5630E02440994F0023BEEC /* AppDelegate.swift in Sources */,
				4F5630E22440994F0023BEEC /* SceneDelegate.swift in Sources */,
				4F56310F2440AC900023BEEC /* OWWeatherModel.swift in Sources */,
				4F56310824409AA30023BEEC /* OWCurrentWeatherModel.swift in Sources */,
			);
			runOnlyForDeploymentPostprocessing = 0;
		};
		4F5630EE244099580023BEEC /* Sources */ = {
			isa = PBXSourcesBuildPhase;
			buildActionMask = 2147483647;
			files = (
				4F5630F7244099590023BEEC /* OpenWeatherTests.swift in Sources */,
			);
			runOnlyForDeploymentPostprocessing = 0;
		};
/* End PBXSourcesBuildPhase section */

/* Begin PBXTargetDependency section */
		4F5630F4244099590023BEEC /* PBXTargetDependency */ = {
			isa = PBXTargetDependency;
			target = 4F5630DB2440994E0023BEEC /* OpenWeather */;
			targetProxy = 4F5630F3244099590023BEEC /* PBXContainerItemProxy */;
		};
/* End PBXTargetDependency section */

/* Begin PBXVariantGroup section */
		4F5630E52440994F0023BEEC /* Main.storyboard */ = {
			isa = PBXVariantGroup;
			children = (
				4F5630E62440994F0023BEEC /* Base */,
			);
			name = Main.storyboard;
			sourceTree = "<group>";
		};
		4F5630EA244099580023BEEC /* LaunchScreen.storyboard */ = {
			isa = PBXVariantGroup;
			children = (
				4F5630EB244099580023BEEC /* Base */,
			);
			name = LaunchScreen.storyboard;
			sourceTree = "<group>";
		};
/* End PBXVariantGroup section */

/* Begin XCBuildConfiguration section */
		4F5630F9244099590023BEEC /* Debug */ = {
			isa = XCBuildConfiguration;
			buildSettings = {
				ALWAYS_SEARCH_USER_PATHS = NO;
				CLANG_ANALYZER_NONNULL = YES;
				CLANG_ANALYZER_NUMBER_OBJECT_CONVERSION = YES_AGGRESSIVE;
				CLANG_CXX_LANGUAGE_STANDARD = "gnu++14";
				CLANG_CXX_LIBRARY = "libc++";
				CLANG_ENABLE_MODULES = YES;
				CLANG_ENABLE_OBJC_ARC = YES;
				CLANG_ENABLE_OBJC_WEAK = YES;
				CLANG_WARN_BLOCK_CAPTURE_AUTORELEASING = YES;
				CLANG_WARN_BOOL_CONVERSION = YES;
				CLANG_WARN_COMMA = YES;
				CLANG_WARN_CONSTANT_CONVERSION = YES;
				CLANG_WARN_DEPRECATED_OBJC_IMPLEMENTATIONS = YES;
				CLANG_WARN_DIRECT_OBJC_ISA_USAGE = YES_ERROR;
				CLANG_WARN_DOCUMENTATION_COMMENTS = YES;
				CLANG_WARN_EMPTY_BODY = YES;
				CLANG_WARN_ENUM_CONVERSION = YES;
				CLANG_WARN_INFINITE_RECURSION = YES;
				CLANG_WARN_INT_CONVERSION = YES;
				CLANG_WARN_NON_LITERAL_NULL_CONVERSION = YES;
				CLANG_WARN_OBJC_IMPLICIT_RETAIN_SELF = YES;
				CLANG_WARN_OBJC_LITERAL_CONVERSION = YES;
				CLANG_WARN_OBJC_ROOT_CLASS = YES_ERROR;
				CLANG_WARN_RANGE_LOOP_ANALYSIS = YES;
				CLANG_WARN_STRICT_PROTOTYPES = YES;
				CLANG_WARN_SUSPICIOUS_MOVE = YES;
				CLANG_WARN_UNGUARDED_AVAILABILITY = YES_AGGRESSIVE;
				CLANG_WARN_UNREACHABLE_CODE = YES;
				CLANG_WARN__DUPLICATE_METHOD_MATCH = YES;
				COPY_PHASE_STRIP = NO;
				DEBUG_INFORMATION_FORMAT = dwarf;
				ENABLE_STRICT_OBJC_MSGSEND = YES;
				ENABLE_TESTABILITY = YES;
				GCC_C_LANGUAGE_STANDARD = gnu11;
				GCC_DYNAMIC_NO_PIC = NO;
				GCC_NO_COMMON_BLOCKS = YES;
				GCC_OPTIMIZATION_LEVEL = 0;
				GCC_PREPROCESSOR_DEFINITIONS = (
					"DEBUG=1",
					"$(inherited)",
				);
				GCC_WARN_64_TO_32_BIT_CONVERSION = YES;
				GCC_WARN_ABOUT_RETURN_TYPE = YES_ERROR;
				GCC_WARN_UNDECLARED_SELECTOR = YES;
				GCC_WARN_UNINITIALIZED_AUTOS = YES_AGGRESSIVE;
				GCC_WARN_UNUSED_FUNCTION = YES;
				GCC_WARN_UNUSED_VARIABLE = YES;
				IPHONEOS_DEPLOYMENT_TARGET = 13.2;
				MTL_ENABLE_DEBUG_INFO = INCLUDE_SOURCE;
				MTL_FAST_MATH = YES;
				ONLY_ACTIVE_ARCH = YES;
				SDKROOT = iphoneos;
				SWIFT_ACTIVE_COMPILATION_CONDITIONS = DEBUG;
				SWIFT_OPTIMIZATION_LEVEL = "-Onone";
			};
			name = Debug;
		};
		4F5630FA244099590023BEEC /* Release */ = {
			isa = XCBuildConfiguration;
			buildSettings = {
				ALWAYS_SEARCH_USER_PATHS = NO;
				CLANG_ANALYZER_NONNULL = YES;
				CLANG_ANALYZER_NUMBER_OBJECT_CONVERSION = YES_AGGRESSIVE;
				CLANG_CXX_LANGUAGE_STANDARD = "gnu++14";
				CLANG_CXX_LIBRARY = "libc++";
				CLANG_ENABLE_MODULES = YES;
				CLANG_ENABLE_OBJC_ARC = YES;
				CLANG_ENABLE_OBJC_WEAK = YES;
				CLANG_WARN_BLOCK_CAPTURE_AUTORELEASING = YES;
				CLANG_WARN_BOOL_CONVERSION = YES;
				CLANG_WARN_COMMA = YES;
				CLANG_WARN_CONSTANT_CONVERSION = YES;
				CLANG_WARN_DEPRECATED_OBJC_IMPLEMENTATIONS = YES;
				CLANG_WARN_DIRECT_OBJC_ISA_USAGE = YES_ERROR;
				CLANG_WARN_DOCUMENTATION_COMMENTS = YES;
				CLANG_WARN_EMPTY_BODY = YES;
				CLANG_WARN_ENUM_CONVERSION = YES;
				CLANG_WARN_INFINITE_RECURSION = YES;
				CLANG_WARN_INT_CONVERSION = YES;
				CLANG_WARN_NON_LITERAL_NULL_CONVERSION = YES;
				CLANG_WARN_OBJC_IMPLICIT_RETAIN_SELF = YES;
				CLANG_WARN_OBJC_LITERAL_CONVERSION = YES;
				CLANG_WARN_OBJC_ROOT_CLASS = YES_ERROR;
				CLANG_WARN_RANGE_LOOP_ANALYSIS = YES;
				CLANG_WARN_STRICT_PROTOTYPES = YES;
				CLANG_WARN_SUSPICIOUS_MOVE = YES;
				CLANG_WARN_UNGUARDED_AVAILABILITY = YES_AGGRESSIVE;
				CLANG_WARN_UNREACHABLE_CODE = YES;
				CLANG_WARN__DUPLICATE_METHOD_MATCH = YES;
				COPY_PHASE_STRIP = NO;
				DEBUG_INFORMATION_FORMAT = "dwarf-with-dsym";
				ENABLE_NS_ASSERTIONS = NO;
				ENABLE_STRICT_OBJC_MSGSEND = YES;
				GCC_C_LANGUAGE_STANDARD = gnu11;
				GCC_NO_COMMON_BLOCKS = YES;
				GCC_WARN_64_TO_32_BIT_CONVERSION = YES;
				GCC_WARN_ABOUT_RETURN_TYPE = YES_ERROR;
				GCC_WARN_UNDECLARED_SELECTOR = YES;
				GCC_WARN_UNINITIALIZED_AUTOS = YES_AGGRESSIVE;
				GCC_WARN_UNUSED_FUNCTION = YES;
				GCC_WARN_UNUSED_VARIABLE = YES;
				IPHONEOS_DEPLOYMENT_TARGET = 13.2;
				MTL_ENABLE_DEBUG_INFO = NO;
				MTL_FAST_MATH = YES;
				SDKROOT = iphoneos;
				SWIFT_COMPILATION_MODE = wholemodule;
				SWIFT_OPTIMIZATION_LEVEL = "-O";
				VALIDATE_PRODUCT = YES;
			};
			name = Release;
		};
		4F5630FC244099590023BEEC /* Debug */ = {
			isa = XCBuildConfiguration;
			buildSettings = {
				ASSETCATALOG_COMPILER_APPICON_NAME = AppIcon;
				CODE_SIGN_STYLE = Automatic;
				INFOPLIST_FILE = OpenWeather/Info.plist;
				LD_RUNPATH_SEARCH_PATHS = (
					"$(inherited)",
					"@executable_path/Frameworks",
				);
				PRODUCT_BUNDLE_IDENTIFIER = Ignaciom6.OpenWeather;
				PRODUCT_NAME = "$(TARGET_NAME)";
				SWIFT_VERSION = 5.0;
				TARGETED_DEVICE_FAMILY = "1,2";
			};
			name = Debug;
		};
		4F5630FD244099590023BEEC /* Release */ = {
			isa = XCBuildConfiguration;
			buildSettings = {
				ASSETCATALOG_COMPILER_APPICON_NAME = AppIcon;
				CODE_SIGN_STYLE = Automatic;
				INFOPLIST_FILE = OpenWeather/Info.plist;
				LD_RUNPATH_SEARCH_PATHS = (
					"$(inherited)",
					"@executable_path/Frameworks",
				);
				PRODUCT_BUNDLE_IDENTIFIER = Ignaciom6.OpenWeather;
				PRODUCT_NAME = "$(TARGET_NAME)";
				SWIFT_VERSION = 5.0;
				TARGETED_DEVICE_FAMILY = "1,2";
			};
			name = Release;
		};
		4F5630FF244099590023BEEC /* Debug */ = {
			isa = XCBuildConfiguration;
			buildSettings = {
				ALWAYS_EMBED_SWIFT_STANDARD_LIBRARIES = YES;
				BUNDLE_LOADER = "$(TEST_HOST)";
				CODE_SIGN_STYLE = Automatic;
				INFOPLIST_FILE = OpenWeatherTests/Info.plist;
				IPHONEOS_DEPLOYMENT_TARGET = 13.2;
				LD_RUNPATH_SEARCH_PATHS = (
					"$(inherited)",
					"@executable_path/Frameworks",
					"@loader_path/Frameworks",
				);
				PRODUCT_BUNDLE_IDENTIFIER = Ignaciom6.OpenWeatherTests;
				PRODUCT_NAME = "$(TARGET_NAME)";
				SWIFT_VERSION = 5.0;
				TARGETED_DEVICE_FAMILY = "1,2";
				TEST_HOST = "$(BUILT_PRODUCTS_DIR)/OpenWeather.app/OpenWeather";
			};
			name = Debug;
		};
		4F563100244099590023BEEC /* Release */ = {
			isa = XCBuildConfiguration;
			buildSettings = {
				ALWAYS_EMBED_SWIFT_STANDARD_LIBRARIES = YES;
				BUNDLE_LOADER = "$(TEST_HOST)";
				CODE_SIGN_STYLE = Automatic;
				INFOPLIST_FILE = OpenWeatherTests/Info.plist;
				IPHONEOS_DEPLOYMENT_TARGET = 13.2;
				LD_RUNPATH_SEARCH_PATHS = (
					"$(inherited)",
					"@executable_path/Frameworks",
					"@loader_path/Frameworks",
				);
				PRODUCT_BUNDLE_IDENTIFIER = Ignaciom6.OpenWeatherTests;
				PRODUCT_NAME = "$(TARGET_NAME)";
				SWIFT_VERSION = 5.0;
				TARGETED_DEVICE_FAMILY = "1,2";
				TEST_HOST = "$(BUILT_PRODUCTS_DIR)/OpenWeather.app/OpenWeather";
			};
			name = Release;
		};
/* End XCBuildConfiguration section */

/* Begin XCConfigurationList section */
		4F5630D72440994E0023BEEC /* Build configuration list for PBXProject "OpenWeather" */ = {
			isa = XCConfigurationList;
			buildConfigurations = (
				4F5630F9244099590023BEEC /* Debug */,
				4F5630FA244099590023BEEC /* Release */,
			);
			defaultConfigurationIsVisible = 0;
			defaultConfigurationName = Release;
		};
		4F5630FB244099590023BEEC /* Build configuration list for PBXNativeTarget "OpenWeather" */ = {
			isa = XCConfigurationList;
			buildConfigurations = (
				4F5630FC244099590023BEEC /* Debug */,
				4F5630FD244099590023BEEC /* Release */,
			);
			defaultConfigurationIsVisible = 0;
			defaultConfigurationName = Release;
		};
		4F5630FE244099590023BEEC /* Build configuration list for PBXNativeTarget "OpenWeatherTests" */ = {
			isa = XCConfigurationList;
			buildConfigurations = (
				4F5630FF244099590023BEEC /* Debug */,
				4F563100244099590023BEEC /* Release */,
			);
			defaultConfigurationIsVisible = 0;
			defaultConfigurationName = Release;
		};
/* End XCConfigurationList section */
	};
	rootObject = 4F5630D42440994E0023BEEC /* Project object */;
}
